
Microsoft Visual Studio Solution File, Format Version 12.00
# Visual Studio Version 17
VisualStudioVersion = 17.8.34330.188
MinimumVisualStudioVersion = 10.0.40219.1
Project("{9A19103F-16F7-4668-BE54-9A1E7A4F7556}") = "TravelSite2", "TravelSite2\TravelSite2.csproj", "{3C8061C5-658E-4284-B238-1C2CC5F2019B}"
EndProject
Project("{2150E333-8FDC-42A3-9474-1A3956D46DE8}") = "Solution Items", "Solution Items", "{B091930C-A71B-4E81-9921-E75896E621C0}"
	ProjectSection(SolutionItems) = preProject
		README.md = README.md
	EndProjectSection
EndProject
Project("{9A19103F-16F7-4668-BE54-9A1E7A4F7556}") = "TravelSiteAPI", "TravelSiteAPI\TravelSiteAPI.csproj", "{C4A5447C-3EC6-468E-AE4B-31B9010BAE91}"
EndProject
Global
	GlobalSection(SolutionConfigurationPlatforms) = preSolution
		Debug|Any CPU = Debug|Any CPU
		Release|Any CPU = Release|Any CPU
	EndGlobalSection
	GlobalSection(ProjectConfigurationPlatforms) = postSolution
		{3C8061C5-658E-4284-B238-1C2CC5F2019B}.Debug|Any CPU.ActiveCfg = Debug|Any CPU
		{3C8061C5-658E-4284-B238-1C2CC5F2019B}.Debug|Any CPU.Build.0 = Debug|Any CPU
		{3C8061C5-658E-4284-B238-1C2CC5F2019B}.Release|Any CPU.ActiveCfg = Release|Any CPU
		{3C8061C5-658E-4284-B238-1C2CC5F2019B}.Release|Any CPU.Build.0 = Release|Any CPU
		{C4A5447C-3EC6-468E-AE4B-31B9010BAE91}.Debug|Any CPU.ActiveCfg = Debug|Any CPU
		{C4A5447C-3EC6-468E-AE4B-31B9010BAE91}.Debug|Any CPU.Build.0 = Debug|Any CPU
		{C4A5447C-3EC6-468E-AE4B-31B9010BAE91}.Release|Any CPU.ActiveCfg = Release|Any CPU
		{C4A5447C-3EC6-468E-AE4B-31B9010BAE91}.Release|Any CPU.Build.0 = Release|Any CPU
	EndGlobalSection
	GlobalSection(SolutionProperties) = preSolution
		HideSolutionNode = FALSE
	EndGlobalSection
	GlobalSection(ExtensibilityGlobals) = postSolution
		SolutionGuid = {AD79DF59-9714-4ECD-99F8-F24AEB07102F}
	EndGlobalSection
EndGlobal
